// !$*UTF8*$!
{
	archiveVersion = 1;
	classes = {
	};
	objectVersion = 46;
	objects = {

/* Begin PBXBuildFile section */
		F859BE291D2221FF00D94DCC /* AppDelegate.swift in Sources */ = {isa = PBXBuildFile; fileRef = F859BE281D2221FF00D94DCC /* AppDelegate.swift */; };
		F859BE2B1D2221FF00D94DCC /* ViewController.swift in Sources */ = {isa = PBXBuildFile; fileRef = F859BE2A1D2221FF00D94DCC /* ViewController.swift */; };
		F859BE2E1D2221FF00D94DCC /* Main.storyboard in Resources */ = {isa = PBXBuildFile; fileRef = F859BE2C1D2221FF00D94DCC /* Main.storyboard */; };
		F859BE301D2221FF00D94DCC /* Assets.xcassets in Resources */ = {isa = PBXBuildFile; fileRef = F859BE2F1D2221FF00D94DCC /* Assets.xcassets */; };
		F859BE331D2221FF00D94DCC /* LaunchScreen.storyboard in Resources */ = {isa = PBXBuildFile; fileRef = F859BE311D2221FF00D94DCC /* LaunchScreen.storyboard */; };
		F859BE411D222D9A00D94DCC /* HTTPBinManager.swift in Sources */ = {isa = PBXBuildFile; fileRef = F859BE401D222D9A00D94DCC /* HTTPBinManager.swift */; };
		F859BE431D222DAF00D94DCC /* HTTPBinManagerOperation.swift in Sources */ = {isa = PBXBuildFile; fileRef = F859BE421D222DAF00D94DCC /* HTTPBinManagerOperation.swift */; };
		F86BCD8B1D225B28001C964A /* API.swift in Sources */ = {isa = PBXBuildFile; fileRef = F86BCD8A1D225B28001C964A /* API.swift */; };
		F86BCD8D1D227E31001C964A /* HTTPBinWorkTogetherOperation.swift in Sources */ = {isa = PBXBuildFile; fileRef = F86BCD8C1D227E31001C964A /* HTTPBinWorkTogetherOperation.swift */; };
/* End PBXBuildFile section */

/* Begin PBXFileReference section */
		F859BE251D2221FF00D94DCC /* GCDProgramming23.app */ = {isa = PBXFileReference; explicitFileType = wrapper.application; includeInIndex = 0; path = GCDProgramming23.app; sourceTree = BUILT_PRODUCTS_DIR; };
		F859BE281D2221FF00D94DCC /* AppDelegate.swift */ = {isa = PBXFileReference; lastKnownFileType = sourcecode.swift; path = AppDelegate.swift; sourceTree = "<group>"; };
		F859BE2A1D2221FF00D94DCC /* ViewController.swift */ = {isa = PBXFileReference; lastKnownFileType = sourcecode.swift; path = ViewController.swift; sourceTree = "<group>"; };
		F859BE2D1D2221FF00D94DCC /* Base */ = {isa = PBXFileReference; lastKnownFileType = file.storyboard; name = Base; path = Base.lproj/Main.storyboard; sourceTree = "<group>"; };
		F859BE2F1D2221FF00D94DCC /* Assets.xcassets */ = {isa = PBXFileReference; lastKnownFileType = folder.assetcatalog; path = Assets.xcassets; sourceTree = "<group>"; };
		F859BE321D2221FF00D94DCC /* Base */ = {isa = PBXFileReference; lastKnownFileType = file.storyboard; name = Base; path = Base.lproj/LaunchScreen.storyboard; sourceTree = "<group>"; };
		F859BE341D2221FF00D94DCC /* Info.plist */ = {isa = PBXFileReference; lastKnownFileType = text.plist.xml; path = Info.plist; sourceTree = "<group>"; };
		F859BE401D222D9A00D94DCC /* HTTPBinManager.swift */ = {isa = PBXFileReference; fileEncoding = 4; lastKnownFileType = sourcecode.swift; path = HTTPBinManager.swift; sourceTree = "<group>"; };
		F859BE421D222DAF00D94DCC /* HTTPBinManagerOperation.swift */ = {isa = PBXFileReference; fileEncoding = 4; lastKnownFileType = sourcecode.swift; path = HTTPBinManagerOperation.swift; sourceTree = "<group>"; };
		F86BCD8A1D225B28001C964A /* API.swift */ = {isa = PBXFileReference; fileEncoding = 4; lastKnownFileType = sourcecode.swift; path = API.swift; sourceTree = "<group>"; };
		F86BCD8C1D227E31001C964A /* HTTPBinWorkTogetherOperation.swift */ = {isa = PBXFileReference; fileEncoding = 4; lastKnownFileType = sourcecode.swift; path = HTTPBinWorkTogetherOperation.swift; sourceTree = "<group>"; };
/* End PBXFileReference section */

/* Begin PBXFrameworksBuildPhase section */
		F859BE221D2221FF00D94DCC /* Frameworks */ = {
			isa = PBXFrameworksBuildPhase;
			buildActionMask = 2147483647;
			files = (
			);
			runOnlyForDeploymentPostprocessing = 0;
		};
/* End PBXFrameworksBuildPhase section */

/* Begin PBXGroup section */
		F859BE1C1D2221FE00D94DCC = {
			isa = PBXGroup;
			children = (
				F859BE271D2221FF00D94DCC /* GCDProgramming23 */,
				F859BE261D2221FF00D94DCC /* Products */,
			);
			sourceTree = "<group>";
		};
		F859BE261D2221FF00D94DCC /* Products */ = {
			isa = PBXGroup;
			children = (
				F859BE251D2221FF00D94DCC /* GCDProgramming23.app */,
			);
			name = Products;
			sourceTree = "<group>";
		};
		F859BE271D2221FF00D94DCC /* GCDProgramming23 */ = {
			isa = PBXGroup;
			children = (
				F859BE2F1D2221FF00D94DCC /* Assets.xcassets */,
				F859BE311D2221FF00D94DCC /* LaunchScreen.storyboard */,
				F859BE2C1D2221FF00D94DCC /* Main.storyboard */,
				F859BE281D2221FF00D94DCC /* AppDelegate.swift */,
				F859BE2A1D2221FF00D94DCC /* ViewController.swift */,
				F859BE3F1D222D7B00D94DCC /* subNSOperation */,
				F859BE3A1D222B8C00D94DCC /* WebService */,
				F859BE341D2221FF00D94DCC /* Info.plist */,
			);
			path = GCDProgramming23;
			sourceTree = "<group>";
		};
		F859BE3A1D222B8C00D94DCC /* WebService */ = {
			isa = PBXGroup;
			children = (
				F86BCD8A1D225B28001C964A /* API.swift */,
			);
			name = WebService;
			sourceTree = "<group>";
		};
		F859BE3F1D222D7B00D94DCC /* subNSOperation */ = {
			isa = PBXGroup;
			children = (
				F859BE401D222D9A00D94DCC /* HTTPBinManager.swift */,
				F859BE421D222DAF00D94DCC /* HTTPBinManagerOperation.swift */,
				F86BCD8C1D227E31001C964A /* HTTPBinWorkTogetherOperation.swift */,
			);
			name = subNSOperation;
			sourceTree = "<group>";
		};
/* End PBXGroup section */

/* Begin PBXNativeTarget section */
		F859BE241D2221FF00D94DCC /* GCDProgramming23 */ = {
			isa = PBXNativeTarget;
			buildConfigurationList = F859BE371D2221FF00D94DCC /* Build configuration list for PBXNativeTarget "GCDProgramming23" */;
			buildPhases = (
				F859BE211D2221FF00D94DCC /* Sources */,
				F859BE221D2221FF00D94DCC /* Frameworks */,
				F859BE231D2221FF00D94DCC /* Resources */,
			);
			buildRules = (
			);
			dependencies = (
			);
			name = GCDProgramming23;
			productName = GCDProgramming23;
			productReference = F859BE251D2221FF00D94DCC /* GCDProgramming23.app */;
			productType = "com.apple.product-type.application";
		};
/* End PBXNativeTarget section */

/* Begin PBXProject section */
		F859BE1D1D2221FE00D94DCC /* Project object */ = {
			isa = PBXProject;
			attributes = {
				LastSwiftUpdateCheck = 0730;
				LastUpgradeCheck = 0730;
				ORGANIZATIONNAME = w91379137;
				TargetAttributes = {
					F859BE241D2221FF00D94DCC = {
						CreatedOnToolsVersion = 7.3.1;
					};
				};
			};
			buildConfigurationList = F859BE201D2221FE00D94DCC /* Build configuration list for PBXProject "GCDProgramming23" */;
			compatibilityVersion = "Xcode 3.2";
			developmentRegion = English;
			hasScannedForEncodings = 0;
			knownRegions = (
				en,
				Base,
			);
			mainGroup = F859BE1C1D2221FE00D94DCC;
			productRefGroup = F859BE261D2221FF00D94DCC /* Products */;
			projectDirPath = "";
			projectRoot = "";
			targets = (
				F859BE241D2221FF00D94DCC /* GCDProgramming23 */,
			);
		};
/* End PBXProject section */

/* Begin PBXResourcesBuildPhase section */
		F859BE231D2221FF00D94DCC /* Resources */ = {
			isa = PBXResourcesBuildPhase;
			buildActionMask = 2147483647;
			files = (
				F859BE331D2221FF00D94DCC /* LaunchScreen.storyboard in Resources */,
				F859BE301D2221FF00D94DCC /* Assets.xcassets in Resources */,
				F859BE2E1D2221FF00D94DCC /* Main.storyboard in Resources */,
			);
			runOnlyForDeploymentPostprocessing = 0;
		};
/* End PBXResourcesBuildPhase section */

/* Begin PBXSourcesBuildPhase section */
		F859BE211D2221FF00D94DCC /* Sources */ = {
			isa = PBXSourcesBuildPhase;
			buildActionMask = 2147483647;
			files = (
				F86BCD8D1D227E31001C964A /* HTTPBinWorkTogetherOperation.swift in Sources */,
				F859BE2B1D2221FF00D94DCC /* ViewController.swift in Sources */,
				F859BE291D2221FF00D94DCC /* AppDelegate.swift in Sources */,
				F859BE431D222DAF00D94DCC /* HTTPBinManagerOperation.swift in Sources */,
				F86BCD8B1D225B28001C964A /* API.swift in Sources */,
				F859BE411D222D9A00D94DCC /* HTTPBinManager.swift in Sources */,
			);
			runOnlyForDeploymentPostprocessing = 0;
		};
/* End PBXSourcesBuildPhase section */

/* Begin PBXVariantGroup section */
		F859BE2C1D2221FF00D94DCC /* Main.storyboard */ = {
			isa = PBXVariantGroup;
			children = (
				F859BE2D1D2221FF00D94DCC /* Base */,
			);
			name = Main.storyboard;
			sourceTree = "<group>";
		};
		F859BE311D2221FF00D94DCC /* LaunchScreen.storyboard */ = {
			isa = PBXVariantGroup;
			children = (
				F859BE321D2221FF00D94DCC /* Base */,
			);
			name = LaunchScreen.storyboard;
			sourceTree = "<group>";
		};
/* End PBXVariantGroup section */

/* Begin XCBuildConfiguration section */
		F859BE351D2221FF00D94DCC /* Debug */ = {
			isa = XCBuildConfiguration;
			buildSettings = {
				ALWAYS_SEARCH_USER_PATHS = NO;
				CLANG_ANALYZER_NONNULL = YES;
				CLANG_CXX_LANGUAGE_STANDARD = "gnu++0x";
				CLANG_CXX_LIBRARY = "libc++";
				CLANG_ENABLE_MODULES = YES;
				CLANG_ENABLE_OBJC_ARC = YES;
				CLANG_WARN_BOOL_CONVERSION = YES;
				CLANG_WARN_CONSTANT_CONVERSION = YES;
				CLANG_WARN_DIRECT_OBJC_ISA_USAGE = YES_ERROR;
				CLANG_WARN_EMPTY_BODY = YES;
				CLANG_WARN_ENUM_CONVERSION = YES;
				CLANG_WARN_INT_CONVERSION = YES;
				CLANG_WARN_OBJC_ROOT_CLASS = YES_ERROR;
				CLANG_WARN_UNREACHABLE_CODE = YES;
				CLANG_WARN__DUPLICATE_METHOD_MATCH = YES;
				"CODE_SIGN_IDENTITY[sdk=iphoneos*]" = "iPhone Developer";
				COPY_PHASE_STRIP = NO;
				DEBUG_INFORMATION_FORMAT = dwarf;
				ENABLE_STRICT_OBJC_MSGSEND = YES;
				ENABLE_TESTABILITY = YES;
				GCC_C_LANGUAGE_STANDARD = gnu99;
				GCC_DYNAMIC_NO_PIC = NO;
				GCC_NO_COMMON_BLOCKS = YES;
				GCC_OPTIMIZATION_LEVEL = 0;
				GCC_PREPROCESSOR_DEFINITIONS = (
					"DEBUG=1",
					"$(inherited)",
				);
				GCC_WARN_64_TO_32_BIT_CONVERSION = YES;
				GCC_WARN_ABOUT_RETURN_TYPE = YES_ERROR;
				GCC_WARN_UNDECLARED_SELECTOR = YES;
				GCC_WARN_UNINITIALIZED_AUTOS = YES_AGGRESSIVE;
				GCC_WARN_UNUSED_FUNCTION = YES;
				GCC_WARN_UNUSED_VARIABLE = YES;
				IPHONEOS_DEPLOYMENT_TARGET = 9.3;
				MTL_ENABLE_DEBUG_INFO = YES;
				ONLY_ACTIVE_ARCH = YES;
				SDKROOT = iphoneos;
				SWIFT_OPTIMIZATION_LEVEL = "-Onone";
			};
			name = Debug;
		};
		F859BE361D2221FF00D94DCC /* Release */ = {
			isa = XCBuildConfiguration;
			buildSettings = {
				ALWAYS_SEARCH_USER_PATHS = NO;
				CLANG_ANALYZER_NONNULL = YES;
				CLANG_CXX_LANGUAGE_STANDARD = "gnu++0x";
				CLANG_CXX_LIBRARY = "libc++";
				CLANG_ENABLE_MODULES = YES;
				CLANG_ENABLE_OBJC_ARC = YES;
				CLANG_WARN_BOOL_CONVERSION = YES;
				CLANG_WARN_CONSTANT_CONVERSION = YES;
				CLANG_WARN_DIRECT_OBJC_ISA_USAGE = YES_ERROR;
				CLANG_WARN_EMPTY_BODY = YES;
				CLANG_WARN_ENUM_CONVERSION = YES;
				CLANG_WARN_INT_CONVERSION = YES;
				CLANG_WARN_OBJC_ROOT_CLASS = YES_ERROR;
				CLANG_WARN_UNREACHABLE_CODE = YES;
				CLANG_WARN__DUPLICATE_METHOD_MATCH = YES;
				"CODE_SIGN_IDENTITY[sdk=iphoneos*]" = "iPhone Developer";
				COPY_PHASE_STRIP = NO;
				DEBUG_INFORMATION_FORMAT = "dwarf-with-dsym";
				ENABLE_NS_ASSERTIONS = NO;
				ENABLE_STRICT_OBJC_MSGSEND = YES;
				GCC_C_LANGUAGE_STANDARD = gnu99;
				GCC_NO_COMMON_BLOCKS = YES;
				GCC_WARN_64_TO_32_BIT_CONVERSION = YES;
				GCC_WARN_ABOUT_RETURN_TYPE = YES_ERROR;
				GCC_WARN_UNDECLARED_SELECTOR = YES;
				GCC_WARN_UNINITIALIZED_AUTOS = YES_AGGRESSIVE;
				GCC_WARN_UNUSED_FUNCTION = YES;
				GCC_WARN_UNUSED_VARIABLE = YES;
				IPHONEOS_DEPLOYMENT_TARGET = 9.3;
				MTL_ENABLE_DEBUG_INFO = NO;
				SDKROOT = iphoneos;
				VALIDATE_PRODUCT = YES;
			};
			name = Release;
		};
		F859BE381D2221FF00D94DCC /* Debug */ = {
			isa = XCBuildConfiguration;
			buildSettings = {
				ASSETCATALOG_COMPILER_APPICON_NAME = AppIcon;
				CLANG_ENABLE_MODULES = YES;
				INFOPLIST_FILE = GCDProgramming23/Info.plist;
				LD_RUNPATH_SEARCH_PATHS = "$(inherited) @executable_path/Frameworks";
				PRODUCT_BUNDLE_IDENTIFIER = com.a.GCDProgramming23;
				PRODUCT_NAME = "$(TARGET_NAME)";
				SWIFT_OBJC_BRIDGING_HEADER = "";
				SWIFT_OPTIMIZATION_LEVEL = "-Onone";
			};
			name = Debug;
		};
		F859BE391D2221FF00D94DCC /* Release */ = {
			isa = XCBuildConfiguration;
			buildSettings = {
				ASSETCATALOG_COMPILER_APPICON_NAME = AppIcon;
				CLANG_ENABLE_MODULES = YES;
				INFOPLIST_FILE = GCDProgramming23/Info.plist;
				LD_RUNPATH_SEARCH_PATHS = "$(inherited) @executable_path/Frameworks";
				PRODUCT_BUNDLE_IDENTIFIER = com.a.GCDProgramming23;
				PRODUCT_NAME = "$(TARGET_NAME)";
				SWIFT_OBJC_BRIDGING_HEADER = "";
			};
			name = Release;
		};
/* End XCBuildConfiguration section */

/* Begin XCConfigurationList section */
		F859BE201D2221FE00D94DCC /* Build configuration list for PBXProject "GCDProgramming23" */ = {
			isa = XCConfigurationList;
			buildConfigurations = (
				F859BE351D2221FF00D94DCC /* Debug */,
				F859BE361D2221FF00D94DCC /* Release */,
			);
			defaultConfigurationIsVisible = 0;
			defaultConfigurationName = Release;
		};
		F859BE371D2221FF00D94DCC /* Build configuration list for PBXNativeTarget "GCDProgramming23" */ = {
			isa = XCConfigurationList;
			buildConfigurations = (
				F859BE381D2221FF00D94DCC /* Debug */,
				F859BE391D2221FF00D94DCC /* Release */,
			);
			defaultConfigurationIsVisible = 0;
			defaultConfigurationName = Release;
		};
/* End XCConfigurationList section */
	};
	rootObject = F859BE1D1D2221FE00D94DCC /* Project object */;
}
